
Microsoft Visual Studio Solution File, Format Version 12.00
# Visual Studio Version 16
VisualStudioVersion = 16.0.31205.134
MinimumVisualStudioVersion = 10.0.40219.1
Project("{FAE04EC0-301F-11D3-BF4B-00C04F79EFBC}") = "TzL.Core", "TzL.Core\TzL.Core.csproj", "{0A7F1AD3-083C-48B0-ACFB-ED949530F723}"
EndProject
Project("{FAE04EC0-301F-11D3-BF4B-00C04F79EFBC}") = "TzL.Repository", "TzL.Repository\TzL.Repository.csproj", "{5001DB7F-8C37-4692-95CD-1B7C9698F5D4}"
EndProject
Project("{FAE04EC0-301F-11D3-BF4B-00C04F79EFBC}") = "TzL.Test", "TzL.Test\TzL.Test.csproj", "{A5EDDAC9-5246-42C9-9DBB-9A652076096B}"
EndProject
Global
	GlobalSection(SolutionConfigurationPlatforms) = preSolution
		Debug|Any CPU = Debug|Any CPU
		Release|Any CPU = Release|Any CPU
	EndGlobalSection
	GlobalSection(ProjectConfigurationPlatforms) = postSolution
		{0A7F1AD3-083C-48B0-ACFB-ED949530F723}.Debug|Any CPU.ActiveCfg = Debug|Any CPU
		{0A7F1AD3-083C-48B0-ACFB-ED949530F723}.Debug|Any CPU.Build.0 = Debug|Any CPU
		{0A7F1AD3-083C-48B0-ACFB-ED949530F723}.Release|Any CPU.ActiveCfg = Release|Any CPU
		{0A7F1AD3-083C-48B0-ACFB-ED949530F723}.Release|Any CPU.Build.0 = Release|Any CPU
		{5001DB7F-8C37-4692-95CD-1B7C9698F5D4}.Debug|Any CPU.ActiveCfg = Debug|Any CPU
		{5001DB7F-8C37-4692-95CD-1B7C9698F5D4}.Debug|Any CPU.Build.0 = Debug|Any CPU
		{5001DB7F-8C37-4692-95CD-1B7C9698F5D4}.Release|Any CPU.ActiveCfg = Release|Any CPU
		{5001DB7F-8C37-4692-95CD-1B7C9698F5D4}.Release|Any CPU.Build.0 = Release|Any CPU
		{A5EDDAC9-5246-42C9-9DBB-9A652076096B}.Debug|Any CPU.ActiveCfg = Debug|Any CPU
		{A5EDDAC9-5246-42C9-9DBB-9A652076096B}.Debug|Any CPU.Build.0 = Debug|Any CPU
		{A5EDDAC9-5246-42C9-9DBB-9A652076096B}.Release|Any CPU.ActiveCfg = Release|Any CPU
		{A5EDDAC9-5246-42C9-9DBB-9A652076096B}.Release|Any CPU.Build.0 = Release|Any CPU
	EndGlobalSection
	GlobalSection(SolutionProperties) = preSolution
		HideSolutionNode = FALSE
	EndGlobalSection
	GlobalSection(ExtensibilityGlobals) = postSolution
		SolutionGuid = {2ADC692A-B0AC-4B8F-94EB-2B0D0CBF5044}
	EndGlobalSection
EndGlobal
